
Microsoft Visual Studio Solution File, Format Version 12.00
# Visual Studio Version 17
VisualStudioVersion = 17.7.34202.233
MinimumVisualStudioVersion = 10.0.40219.1
Project("{8BC9CEB8-8B4A-11D0-8D11-00A0C91BC942}") = "ThreadRace", "ThreadRace\ThreadRace.vcxproj", "{ACC967C2-A765-4DA1-B9C9-0D6D14128443}"
EndProject
Global
	GlobalSection(SolutionConfigurationPlatforms) = preSolution
		Debug|x64 = Debug|x64
		Debug|x86 = Debug|x86
		Release|x64 = Release|x64
		Release|x86 = Release|x86
	EndGlobalSection
	GlobalSection(ProjectConfigurationPlatforms) = postSolution
		{ACC967C2-A765-4DA1-B9C9-0D6D14128443}.Debug|x64.ActiveCfg = Debug|x64
		{ACC967C2-A765-4DA1-B9C9-0D6D14128443}.Debug|x64.Build.0 = Debug|x64
		{ACC967C2-A765-4DA1-B9C9-0D6D14128443}.Debug|x86.ActiveCfg = Debug|Win32
		{ACC967C2-A765-4DA1-B9C9-0D6D14128443}.Debug|x86.Build.0 = Debug|Win32
		{ACC967C2-A765-4DA1-B9C9-0D6D14128443}.Release|x64.ActiveCfg = Release|x64
		{ACC967C2-A765-4DA1-B9C9-0D6D14128443}.Release|x64.Build.0 = Release|x64
		{ACC967C2-A765-4DA1-B9C9-0D6D14128443}.Release|x86.ActiveCfg = Release|Win32
		{ACC967C2-A765-4DA1-B9C9-0D6D14128443}.Release|x86.Build.0 = Release|Win32
	EndGlobalSection
	GlobalSection(SolutionProperties) = preSolution
		HideSolutionNode = FALSE
	EndGlobalSection
	GlobalSection(ExtensibilityGlobals) = postSolution
		SolutionGuid = {43E7E8E5-9CEF-42BF-89C3-C0FF4F2A91D8}
	EndGlobalSection
EndGlobal
